
Microsoft Visual Studio Solution File, Format Version 12.00
# Visual Studio Version 17
VisualStudioVersion = 17.4.33122.133
MinimumVisualStudioVersion = 10.0.40219.1
Project("{FAE04EC0-301F-11D3-BF4B-00C04F79EFBC}") = "quest10.1", "quest10\quest10.1.csproj", "{9682F161-E5A2-4976-A43F-2B0DA8846B55}"
EndProject
Project("{FAE04EC0-301F-11D3-BF4B-00C04F79EFBC}") = "quest10.2", "quest10.2\quest10.2.csproj", "{B48474D7-6BED-4B47-9C1E-35F23A49FC2E}"
EndProject
Project("{FAE04EC0-301F-11D3-BF4B-00C04F79EFBC}") = "quest10.3", "quest10.3\quest10.3.csproj", "{973BFEBB-1C8E-40AC-BD37-BA82ED092F77}"
EndProject
Project("{FAE04EC0-301F-11D3-BF4B-00C04F79EFBC}") = "quest10.4", "quest10.4\quest10.4.csproj", "{70E23AC6-8679-4D7A-8E56-DB6BB45C98AA}"
EndProject
Global
	GlobalSection(SolutionConfigurationPlatforms) = preSolution
		Debug|Any CPU = Debug|Any CPU
		Release|Any CPU = Release|Any CPU
	EndGlobalSection
	GlobalSection(ProjectConfigurationPlatforms) = postSolution
		{9682F161-E5A2-4976-A43F-2B0DA8846B55}.Debug|Any CPU.ActiveCfg = Debug|Any CPU
		{9682F161-E5A2-4976-A43F-2B0DA8846B55}.Debug|Any CPU.Build.0 = Debug|Any CPU
		{9682F161-E5A2-4976-A43F-2B0DA8846B55}.Release|Any CPU.ActiveCfg = Release|Any CPU
		{9682F161-E5A2-4976-A43F-2B0DA8846B55}.Release|Any CPU.Build.0 = Release|Any CPU
		{B48474D7-6BED-4B47-9C1E-35F23A49FC2E}.Debug|Any CPU.ActiveCfg = Debug|Any CPU
		{B48474D7-6BED-4B47-9C1E-35F23A49FC2E}.Debug|Any CPU.Build.0 = Debug|Any CPU
		{B48474D7-6BED-4B47-9C1E-35F23A49FC2E}.Release|Any CPU.ActiveCfg = Release|Any CPU
		{B48474D7-6BED-4B47-9C1E-35F23A49FC2E}.Release|Any CPU.Build.0 = Release|Any CPU
		{973BFEBB-1C8E-40AC-BD37-BA82ED092F77}.Debug|Any CPU.ActiveCfg = Debug|Any CPU
		{973BFEBB-1C8E-40AC-BD37-BA82ED092F77}.Debug|Any CPU.Build.0 = Debug|Any CPU
		{973BFEBB-1C8E-40AC-BD37-BA82ED092F77}.Release|Any CPU.ActiveCfg = Release|Any CPU
		{973BFEBB-1C8E-40AC-BD37-BA82ED092F77}.Release|Any CPU.Build.0 = Release|Any CPU
		{70E23AC6-8679-4D7A-8E56-DB6BB45C98AA}.Debug|Any CPU.ActiveCfg = Debug|Any CPU
		{70E23AC6-8679-4D7A-8E56-DB6BB45C98AA}.Debug|Any CPU.Build.0 = Debug|Any CPU
		{70E23AC6-8679-4D7A-8E56-DB6BB45C98AA}.Release|Any CPU.ActiveCfg = Release|Any CPU
		{70E23AC6-8679-4D7A-8E56-DB6BB45C98AA}.Release|Any CPU.Build.0 = Release|Any CPU
	EndGlobalSection
	GlobalSection(SolutionProperties) = preSolution
		HideSolutionNode = FALSE
	EndGlobalSection
	GlobalSection(ExtensibilityGlobals) = postSolution
		SolutionGuid = {558F48C1-9C77-4FA4-A622-A2D4798EC328}
	EndGlobalSection
EndGlobal
